// !$*UTF8*$!
{
	archiveVersion = 1;
	classes = {
	};
	objectVersion = 46;
	objects = {

/* Begin PBXBuildFile section */
		254416101A74459F0067C34B /* main.m in Sources */ = {isa = PBXBuildFile; fileRef = 2544160F1A74459F0067C34B /* main.m */; };
		254416131A74459F0067C34B /* AppDelegate.m in Sources */ = {isa = PBXBuildFile; fileRef = 254416121A74459F0067C34B /* AppDelegate.m */; };
		254416161A74459F0067C34B /* FirstViewController.m in Sources */ = {isa = PBXBuildFile; fileRef = 254416151A74459F0067C34B /* FirstViewController.m */; };
		254416191A74459F0067C34B /* SecondViewController.m in Sources */ = {isa = PBXBuildFile; fileRef = 254416181A74459F0067C34B /* SecondViewController.m */; };
		2544161C1A74459F0067C34B /* Main.storyboard in Resources */ = {isa = PBXBuildFile; fileRef = 2544161A1A74459F0067C34B /* Main.storyboard */; };
		2544161E1A74459F0067C34B /* Images.xcassets in Resources */ = {isa = PBXBuildFile; fileRef = 2544161D1A74459F0067C34B /* Images.xcassets */; };
		254416211A74459F0067C34B /* LaunchScreen.xib in Resources */ = {isa = PBXBuildFile; fileRef = 2544161F1A74459F0067C34B /* LaunchScreen.xib */; };
		2544162D1A74459F0067C34B /* boltrunningTests.m in Sources */ = {isa = PBXBuildFile; fileRef = 2544162C1A74459F0067C34B /* boltrunningTests.m */; };
		254416381A7446500067C34B /* BOLTProfileTVC.m in Sources */ = {isa = PBXBuildFile; fileRef = 254416371A7446500067C34B /* BOLTProfileTVC.m */; };
/* End PBXBuildFile section */

/* Begin PBXContainerItemProxy section */
		254416271A74459F0067C34B /* PBXContainerItemProxy */ = {
			isa = PBXContainerItemProxy;
			containerPortal = 254416021A74459F0067C34B /* Project object */;
			proxyType = 1;
			remoteGlobalIDString = 254416091A74459F0067C34B;
			remoteInfo = boltrunning;
		};
/* End PBXContainerItemProxy section */

/* Begin PBXFileReference section */
		2544160A1A74459F0067C34B /* boltrunning.app */ = {isa = PBXFileReference; explicitFileType = wrapper.application; includeInIndex = 0; path = boltrunning.app; sourceTree = BUILT_PRODUCTS_DIR; };
		2544160E1A74459F0067C34B /* Info.plist */ = {isa = PBXFileReference; lastKnownFileType = text.plist.xml; path = Info.plist; sourceTree = "<group>"; };
		2544160F1A74459F0067C34B /* main.m */ = {isa = PBXFileReference; lastKnownFileType = sourcecode.c.objc; path = main.m; sourceTree = "<group>"; };
		254416111A74459F0067C34B /* AppDelegate.h */ = {isa = PBXFileReference; lastKnownFileType = sourcecode.c.h; path = AppDelegate.h; sourceTree = "<group>"; };
		254416121A74459F0067C34B /* AppDelegate.m */ = {isa = PBXFileReference; lastKnownFileType = sourcecode.c.objc; path = AppDelegate.m; sourceTree = "<group>"; };
		254416141A74459F0067C34B /* FirstViewController.h */ = {isa = PBXFileReference; lastKnownFileType = sourcecode.c.h; path = FirstViewController.h; sourceTree = "<group>"; };
		254416151A74459F0067C34B /* FirstViewController.m */ = {isa = PBXFileReference; lastKnownFileType = sourcecode.c.objc; path = FirstViewController.m; sourceTree = "<group>"; };
		254416171A74459F0067C34B /* SecondViewController.h */ = {isa = PBXFileReference; lastKnownFileType = sourcecode.c.h; path = SecondViewController.h; sourceTree = "<group>"; };
		254416181A74459F0067C34B /* SecondViewController.m */ = {isa = PBXFileReference; lastKnownFileType = sourcecode.c.objc; path = SecondViewController.m; sourceTree = "<group>"; };
		2544161B1A74459F0067C34B /* Base */ = {isa = PBXFileReference; lastKnownFileType = file.storyboard; name = Base; path = Base.lproj/Main.storyboard; sourceTree = "<group>"; };
		2544161D1A74459F0067C34B /* Images.xcassets */ = {isa = PBXFileReference; lastKnownFileType = folder.assetcatalog; path = Images.xcassets; sourceTree = "<group>"; };
		254416201A74459F0067C34B /* Base */ = {isa = PBXFileReference; lastKnownFileType = file.xib; name = Base; path = Base.lproj/LaunchScreen.xib; sourceTree = "<group>"; };
		254416261A74459F0067C34B /* boltrunningTests.xctest */ = {isa = PBXFileReference; explicitFileType = wrapper.cfbundle; includeInIndex = 0; path = boltrunningTests.xctest; sourceTree = BUILT_PRODUCTS_DIR; };
		2544162B1A74459F0067C34B /* Info.plist */ = {isa = PBXFileReference; lastKnownFileType = text.plist.xml; path = Info.plist; sourceTree = "<group>"; };
		2544162C1A74459F0067C34B /* boltrunningTests.m */ = {isa = PBXFileReference; lastKnownFileType = sourcecode.c.objc; path = boltrunningTests.m; sourceTree = "<group>"; };
		254416361A7446500067C34B /* BOLTProfileTVC.h */ = {isa = PBXFileReference; fileEncoding = 4; lastKnownFileType = sourcecode.c.h; path = BOLTProfileTVC.h; sourceTree = "<group>"; };
		254416371A7446500067C34B /* BOLTProfileTVC.m */ = {isa = PBXFileReference; fileEncoding = 4; lastKnownFileType = sourcecode.c.objc; path = BOLTProfileTVC.m; sourceTree = "<group>"; };
/* End PBXFileReference section */

/* Begin PBXFrameworksBuildPhase section */
		254416071A74459F0067C34B /* Frameworks */ = {
			isa = PBXFrameworksBuildPhase;
			buildActionMask = 2147483647;
			files = (
			);
			runOnlyForDeploymentPostprocessing = 0;
		};
		254416231A74459F0067C34B /* Frameworks */ = {
			isa = PBXFrameworksBuildPhase;
			buildActionMask = 2147483647;
			files = (
			);
			runOnlyForDeploymentPostprocessing = 0;
		};
/* End PBXFrameworksBuildPhase section */

/* Begin PBXGroup section */
		254416011A74459F0067C34B = {
			isa = PBXGroup;
			children = (
				2544160C1A74459F0067C34B /* boltrunning */,
				254416291A74459F0067C34B /* boltrunningTests */,
				2544160B1A74459F0067C34B /* Products */,
			);
			sourceTree = "<group>";
		};
		2544160B1A74459F0067C34B /* Products */ = {
			isa = PBXGroup;
			children = (
				2544160A1A74459F0067C34B /* boltrunning.app */,
				254416261A74459F0067C34B /* boltrunningTests.xctest */,
			);
			name = Products;
			sourceTree = "<group>";
		};
		2544160C1A74459F0067C34B /* boltrunning */ = {
			isa = PBXGroup;
			children = (
				254416111A74459F0067C34B /* AppDelegate.h */,
				254416121A74459F0067C34B /* AppDelegate.m */,
				254416141A74459F0067C34B /* FirstViewController.h */,
				254416151A74459F0067C34B /* FirstViewController.m */,
				254416171A74459F0067C34B /* SecondViewController.h */,
				254416181A74459F0067C34B /* SecondViewController.m */,
				2544161A1A74459F0067C34B /* Main.storyboard */,
				2544161D1A74459F0067C34B /* Images.xcassets */,
				2544161F1A74459F0067C34B /* LaunchScreen.xib */,
				2544160D1A74459F0067C34B /* Supporting Files */,
				254416361A7446500067C34B /* BOLTProfileTVC.h */,
				254416371A7446500067C34B /* BOLTProfileTVC.m */,
			);
			path = boltrunning;
			sourceTree = "<group>";
		};
		2544160D1A74459F0067C34B /* Supporting Files */ = {
			isa = PBXGroup;
			children = (
				2544160E1A74459F0067C34B /* Info.plist */,
				2544160F1A74459F0067C34B /* main.m */,
			);
			name = "Supporting Files";
			sourceTree = "<group>";
		};
		254416291A74459F0067C34B /* boltrunningTests */ = {
			isa = PBXGroup;
			children = (
				2544162C1A74459F0067C34B /* boltrunningTests.m */,
				2544162A1A74459F0067C34B /* Supporting Files */,
			);
			path = boltrunningTests;
			sourceTree = "<group>";
		};
		2544162A1A74459F0067C34B /* Supporting Files */ = {
			isa = PBXGroup;
			children = (
				2544162B1A74459F0067C34B /* Info.plist */,
			);
			name = "Supporting Files";
			sourceTree = "<group>";
		};
/* End PBXGroup section */

/* Begin PBXNativeTarget section */
		254416091A74459F0067C34B /* boltrunning */ = {
			isa = PBXNativeTarget;
			buildConfigurationList = 254416301A74459F0067C34B /* Build configuration list for PBXNativeTarget "boltrunning" */;
			buildPhases = (
				254416061A74459F0067C34B /* Sources */,
				254416071A74459F0067C34B /* Frameworks */,
				254416081A74459F0067C34B /* Resources */,
			);
			buildRules = (
			);
			dependencies = (
			);
			name = boltrunning;
			productName = boltrunning;
			productReference = 2544160A1A74459F0067C34B /* boltrunning.app */;
			productType = "com.apple.product-type.application";
		};
		254416251A74459F0067C34B /* boltrunningTests */ = {
			isa = PBXNativeTarget;
			buildConfigurationList = 254416331A74459F0067C34B /* Build configuration list for PBXNativeTarget "boltrunningTests" */;
			buildPhases = (
				254416221A74459F0067C34B /* Sources */,
				254416231A74459F0067C34B /* Frameworks */,
				254416241A74459F0067C34B /* Resources */,
			);
			buildRules = (
			);
			dependencies = (
				254416281A74459F0067C34B /* PBXTargetDependency */,
			);
			name = boltrunningTests;
			productName = boltrunningTests;
			productReference = 254416261A74459F0067C34B /* boltrunningTests.xctest */;
			productType = "com.apple.product-type.bundle.unit-test";
		};
/* End PBXNativeTarget section */

/* Begin PBXProject section */
		254416021A74459F0067C34B /* Project object */ = {
			isa = PBXProject;
			attributes = {
				LastUpgradeCheck = 0610;
				ORGANIZATIONNAME = "Blake Crosley";
				TargetAttributes = {
					254416091A74459F0067C34B = {
						CreatedOnToolsVersion = 6.1.1;
					};
					254416251A74459F0067C34B = {
						CreatedOnToolsVersion = 6.1.1;
						TestTargetID = 254416091A74459F0067C34B;
					};
				};
			};
			buildConfigurationList = 254416051A74459F0067C34B /* Build configuration list for PBXProject "boltrunning" */;
			compatibilityVersion = "Xcode 3.2";
			developmentRegion = English;
			hasScannedForEncodings = 0;
			knownRegions = (
				en,
				Base,
			);
			mainGroup = 254416011A74459F0067C34B;
			productRefGroup = 2544160B1A74459F0067C34B /* Products */;
			projectDirPath = "";
			projectRoot = "";
			targets = (
				254416091A74459F0067C34B /* boltrunning */,
				254416251A74459F0067C34B /* boltrunningTests */,
			);
		};
/* End PBXProject section */

/* Begin PBXResourcesBuildPhase section */
		254416081A74459F0067C34B /* Resources */ = {
			isa = PBXResourcesBuildPhase;
			buildActionMask = 2147483647;
			files = (
				2544161C1A74459F0067C34B /* Main.storyboard in Resources */,
				254416211A74459F0067C34B /* LaunchScreen.xib in Resources */,
				2544161E1A74459F0067C34B /* Images.xcassets in Resources */,
			);
			runOnlyForDeploymentPostprocessing = 0;
		};
		254416241A74459F0067C34B /* Resources */ = {
			isa = PBXResourcesBuildPhase;
			buildActionMask = 2147483647;
			files = (
			);
			runOnlyForDeploymentPostprocessing = 0;
		};
/* End PBXResourcesBuildPhase section */

/* Begin PBXSourcesBuildPhase section */
		254416061A74459F0067C34B /* Sources */ = {
			isa = PBXSourcesBuildPhase;
			buildActionMask = 2147483647;
			files = (
				254416191A74459F0067C34B /* SecondViewController.m in Sources */,
				254416131A74459F0067C34B /* AppDelegate.m in Sources */,
				254416381A7446500067C34B /* BOLTProfileTVC.m in Sources */,
				254416161A74459F0067C34B /* FirstViewController.m in Sources */,
				254416101A74459F0067C34B /* main.m in Sources */,
			);
			runOnlyForDeploymentPostprocessing = 0;
		};
		254416221A74459F0067C34B /* Sources */ = {
			isa = PBXSourcesBuildPhase;
			buildActionMask = 2147483647;
			files = (
				2544162D1A74459F0067C34B /* boltrunningTests.m in Sources */,
			);
			runOnlyForDeploymentPostprocessing = 0;
		};
/* End PBXSourcesBuildPhase section */

/* Begin PBXTargetDependency section */
		254416281A74459F0067C34B /* PBXTargetDependency */ = {
			isa = PBXTargetDependency;
			target = 254416091A74459F0067C34B /* boltrunning */;
			targetProxy = 254416271A74459F0067C34B /* PBXContainerItemProxy */;
		};
/* End PBXTargetDependency section */

/* Begin PBXVariantGroup section */
		2544161A1A74459F0067C34B /* Main.storyboard */ = {
			isa = PBXVariantGroup;
			children = (
				2544161B1A74459F0067C34B /* Base */,
			);
			name = Main.storyboard;
			sourceTree = "<group>";
		};
		2544161F1A74459F0067C34B /* LaunchScreen.xib */ = {
			isa = PBXVariantGroup;
			children = (
				254416201A74459F0067C34B /* Base */,
			);
			name = LaunchScreen.xib;
			sourceTree = "<group>";
		};
/* End PBXVariantGroup section */

/* Begin XCBuildConfiguration section */
		2544162E1A74459F0067C34B /* Debug */ = {
			isa = XCBuildConfiguration;
			buildSettings = {
				ALWAYS_SEARCH_USER_PATHS = NO;
				CLANG_CXX_LANGUAGE_STANDARD = "gnu++0x";
				CLANG_CXX_LIBRARY = "libc++";
				CLANG_ENABLE_MODULES = YES;
				CLANG_ENABLE_OBJC_ARC = YES;
				CLANG_WARN_BOOL_CONVERSION = YES;
				CLANG_WARN_CONSTANT_CONVERSION = YES;
				CLANG_WARN_DIRECT_OBJC_ISA_USAGE = YES_ERROR;
				CLANG_WARN_EMPTY_BODY = YES;
				CLANG_WARN_ENUM_CONVERSION = YES;
				CLANG_WARN_INT_CONVERSION = YES;
				CLANG_WARN_OBJC_ROOT_CLASS = YES_ERROR;
				CLANG_WARN_UNREACHABLE_CODE = YES;
				CLANG_WARN__DUPLICATE_METHOD_MATCH = YES;
				"CODE_SIGN_IDENTITY[sdk=iphoneos*]" = "iPhone Developer";
				COPY_PHASE_STRIP = NO;
				ENABLE_STRICT_OBJC_MSGSEND = YES;
				GCC_C_LANGUAGE_STANDARD = gnu99;
				GCC_DYNAMIC_NO_PIC = NO;
				GCC_OPTIMIZATION_LEVEL = 0;
				GCC_PREPROCESSOR_DEFINITIONS = (
					"DEBUG=1",
					"$(inherited)",
				);
				GCC_SYMBOLS_PRIVATE_EXTERN = NO;
				GCC_WARN_64_TO_32_BIT_CONVERSION = YES;
				GCC_WARN_ABOUT_RETURN_TYPE = YES_ERROR;
				GCC_WARN_UNDECLARED_SELECTOR = YES;
				GCC_WARN_UNINITIALIZED_AUTOS = YES_AGGRESSIVE;
				GCC_WARN_UNUSED_FUNCTION = YES;
				GCC_WARN_UNUSED_VARIABLE = YES;
				IPHONEOS_DEPLOYMENT_TARGET = 8.1;
				MTL_ENABLE_DEBUG_INFO = YES;
				ONLY_ACTIVE_ARCH = YES;
				SDKROOT = iphoneos;
				TARGETED_DEVICE_FAMILY = "1,2";
			};
			name = Debug;
		};
		2544162F1A74459F0067C34B /* Release */ = {
			isa = XCBuildConfiguration;
			buildSettings = {
				ALWAYS_SEARCH_USER_PATHS = NO;
				CLANG_CXX_LANGUAGE_STANDARD = "gnu++0x";
				CLANG_CXX_LIBRARY = "libc++";
				CLANG_ENABLE_MODULES = YES;
				CLANG_ENABLE_OBJC_ARC = YES;
				CLANG_WARN_BOOL_CONVERSION = YES;
				CLANG_WARN_CONSTANT_CONVERSION = YES;
				CLANG_WARN_DIRECT_OBJC_ISA_USAGE = YES_ERROR;
				CLANG_WARN_EMPTY_BODY = YES;
				CLANG_WARN_ENUM_CONVERSION = YES;
				CLANG_WARN_INT_CONVERSION = YES;
				CLANG_WARN_OBJC_ROOT_CLASS = YES_ERROR;
				CLANG_WARN_UNREACHABLE_CODE = YES;
				CLANG_WARN__DUPLICATE_METHOD_MATCH = YES;
				"CODE_SIGN_IDENTITY[sdk=iphoneos*]" = "iPhone Developer";
				COPY_PHASE_STRIP = YES;
				ENABLE_NS_ASSERTIONS = NO;
				ENABLE_STRICT_OBJC_MSGSEND = YES;
				GCC_C_LANGUAGE_STANDARD = gnu99;
				GCC_WARN_64_TO_32_BIT_CONVERSION = YES;
				GCC_WARN_ABOUT_RETURN_TYPE = YES_ERROR;
				GCC_WARN_UNDECLARED_SELECTOR = YES;
				GCC_WARN_UNINITIALIZED_AUTOS = YES_AGGRESSIVE;
				GCC_WARN_UNUSED_FUNCTION = YES;
				GCC_WARN_UNUSED_VARIABLE = YES;
				IPHONEOS_DEPLOYMENT_TARGET = 8.1;
				MTL_ENABLE_DEBUG_INFO = NO;
				SDKROOT = iphoneos;
				TARGETED_DEVICE_FAMILY = "1,2";
				VALIDATE_PRODUCT = YES;
			};
			name = Release;
		};
		254416311A74459F0067C34B /* Debug */ = {
			isa = XCBuildConfiguration;
			buildSettings = {
				ASSETCATALOG_COMPILER_APPICON_NAME = AppIcon;
				INFOPLIST_FILE = boltrunning/Info.plist;
				LD_RUNPATH_SEARCH_PATHS = "$(inherited) @executable_path/Frameworks";
				PRODUCT_NAME = "$(TARGET_NAME)";
			};
			name = Debug;
		};
		254416321A74459F0067C34B /* Release */ = {
			isa = XCBuildConfiguration;
			buildSettings = {
				ASSETCATALOG_COMPILER_APPICON_NAME = AppIcon;
				INFOPLIST_FILE = boltrunning/Info.plist;
				LD_RUNPATH_SEARCH_PATHS = "$(inherited) @executable_path/Frameworks";
				PRODUCT_NAME = "$(TARGET_NAME)";
			};
			name = Release;
		};
		254416341A74459F0067C34B /* Debug */ = {
			isa = XCBuildConfiguration;
			buildSettings = {
				BUNDLE_LOADER = "$(TEST_HOST)";
				FRAMEWORK_SEARCH_PATHS = (
					"$(SDKROOT)/Developer/Library/Frameworks",
					"$(inherited)",
				);
				GCC_PREPROCESSOR_DEFINITIONS = (
					"DEBUG=1",
					"$(inherited)",
				);
				INFOPLIST_FILE = boltrunningTests/Info.plist;
				LD_RUNPATH_SEARCH_PATHS = "$(inherited) @executable_path/Frameworks @loader_path/Frameworks";
				PRODUCT_NAME = "$(TARGET_NAME)";
				TEST_HOST = "$(BUILT_PRODUCTS_DIR)/boltrunning.app/boltrunning";
			};
			name = Debug;
		};
		254416351A74459F0067C34B /* Release */ = {
			isa = XCBuildConfiguration;
			buildSettings = {
				BUNDLE_LOADER = "$(TEST_HOST)";
				FRAMEWORK_SEARCH_PATHS = (
					"$(SDKROOT)/Developer/Library/Frameworks",
					"$(inherited)",
				);
				INFOPLIST_FILE = boltrunningTests/Info.plist;
				LD_RUNPATH_SEARCH_PATHS = "$(inherited) @executable_path/Frameworks @loader_path/Frameworks";
				PRODUCT_NAME = "$(TARGET_NAME)";
				TEST_HOST = "$(BUILT_PRODUCTS_DIR)/boltrunning.app/boltrunning";
			};
			name = Release;
		};
/* End XCBuildConfiguration section */

/* Begin XCConfigurationList section */
		254416051A74459F0067C34B /* Build configuration list for PBXProject "boltrunning" */ = {
			isa = XCConfigurationList;
			buildConfigurations = (
				2544162E1A74459F0067C34B /* Debug */,
				2544162F1A74459F0067C34B /* Release */,
			);
			defaultConfigurationIsVisible = 0;
			defaultConfigurationName = Release;
		};
		254416301A74459F0067C34B /* Build configuration list for PBXNativeTarget "boltrunning" */ = {
			isa = XCConfigurationList;
			buildConfigurations = (
				254416311A74459F0067C34B /* Debug */,
				254416321A74459F0067C34B /* Release */,
			);
			defaultConfigurationIsVisible = 0;
		};
		254416331A74459F0067C34B /* Build configuration list for PBXNativeTarget "boltrunningTests" */ = {
			isa = XCConfigurationList;
			buildConfigurations = (
				254416341A74459F0067C34B /* Debug */,
				254416351A74459F0067C34B /* Release */,
			);
			defaultConfigurationIsVisible = 0;
		};
/* End XCConfigurationList section */
	};
	rootObject = 254416021A74459F0067C34B /* Project object */;
}
